// !$*UTF8*$!
{
	archiveVersion = 1;
	classes = {
	};
	objectVersion = 46;
	objects = {

/* Begin PBXBuildFile section */
		B306128116DF995300F3443E /* UIKit.framework in Frameworks */ = {isa = PBXBuildFile; fileRef = B306128016DF995300F3443E /* UIKit.framework */; };
		B306128316DF995300F3443E /* Foundation.framework in Frameworks */ = {isa = PBXBuildFile; fileRef = B306128216DF995300F3443E /* Foundation.framework */; };
		B306128516DF995300F3443E /* CoreGraphics.framework in Frameworks */ = {isa = PBXBuildFile; fileRef = B306128416DF995300F3443E /* CoreGraphics.framework */; };
		B306128B16DF995400F3443E /* InfoPlist.strings in Resources */ = {isa = PBXBuildFile; fileRef = B306128916DF995400F3443E /* InfoPlist.strings */; };
		B306128D16DF995400F3443E /* main.m in Sources */ = {isa = PBXBuildFile; fileRef = B306128C16DF995400F3443E /* main.m */; };
		B306129116DF995400F3443E /* AppDelegate.m in Sources */ = {isa = PBXBuildFile; fileRef = B306129016DF995400F3443E /* AppDelegate.m */; };
		B306129316DF995400F3443E /* Default.png in Resources */ = {isa = PBXBuildFile; fileRef = B306129216DF995400F3443E /* Default.png */; };
		B306129516DF995400F3443E /* Default@2x.png in Resources */ = {isa = PBXBuildFile; fileRef = B306129416DF995400F3443E /* Default@2x.png */; };
		B306129716DF995400F3443E /* Default-568h@2x.png in Resources */ = {isa = PBXBuildFile; fileRef = B306129616DF995400F3443E /* Default-568h@2x.png */; };
		B306129A16DF995400F3443E /* ViewController.m in Sources */ = {isa = PBXBuildFile; fileRef = B306129916DF995400F3443E /* ViewController.m */; };
		B306129D16DF995400F3443E /* ViewController.xib in Resources */ = {isa = PBXBuildFile; fileRef = B306129B16DF995400F3443E /* ViewController.xib */; };
		B30612A516DF9E3400F3443E /* CoreText.framework in Frameworks */ = {isa = PBXBuildFile; fileRef = B30612A416DF9E3400F3443E /* CoreText.framework */; };
/* End PBXBuildFile section */

/* Begin PBXFileReference section */
		B306127D16DF995300F3443E /* coretext.app */ = {isa = PBXFileReference; explicitFileType = wrapper.application; includeInIndex = 0; path = coretext.app; sourceTree = BUILT_PRODUCTS_DIR; };
		B306128016DF995300F3443E /* UIKit.framework */ = {isa = PBXFileReference; lastKnownFileType = wrapper.framework; name = UIKit.framework; path = System/Library/Frameworks/UIKit.framework; sourceTree = SDKROOT; };
		B306128216DF995300F3443E /* Foundation.framework */ = {isa = PBXFileReference; lastKnownFileType = wrapper.framework; name = Foundation.framework; path = System/Library/Frameworks/Foundation.framework; sourceTree = SDKROOT; };
		B306128416DF995300F3443E /* CoreGraphics.framework */ = {isa = PBXFileReference; lastKnownFileType = wrapper.framework; name = CoreGraphics.framework; path = System/Library/Frameworks/CoreGraphics.framework; sourceTree = SDKROOT; };
		B306128816DF995300F3443E /* coretext-Info.plist */ = {isa = PBXFileReference; lastKnownFileType = text.plist.xml; path = "coretext-Info.plist"; sourceTree = "<group>"; };
		B306128A16DF995400F3443E /* en */ = {isa = PBXFileReference; lastKnownFileType = text.plist.strings; name = en; path = en.lproj/InfoPlist.strings; sourceTree = "<group>"; };
		B306128C16DF995400F3443E /* main.m */ = {isa = PBXFileReference; lastKnownFileType = sourcecode.c.objc; path = main.m; sourceTree = "<group>"; };
		B306128E16DF995400F3443E /* coretext-Prefix.pch */ = {isa = PBXFileReference; lastKnownFileType = sourcecode.c.h; path = "coretext-Prefix.pch"; sourceTree = "<group>"; };
		B306128F16DF995400F3443E /* AppDelegate.h */ = {isa = PBXFileReference; lastKnownFileType = sourcecode.c.h; path = AppDelegate.h; sourceTree = "<group>"; };
		B306129016DF995400F3443E /* AppDelegate.m */ = {isa = PBXFileReference; lastKnownFileType = sourcecode.c.objc; path = AppDelegate.m; sourceTree = "<group>"; };
		B306129216DF995400F3443E /* Default.png */ = {isa = PBXFileReference; lastKnownFileType = image.png; path = Default.png; sourceTree = "<group>"; };
		B306129416DF995400F3443E /* Default@2x.png */ = {isa = PBXFileReference; lastKnownFileType = image.png; path = "Default@2x.png"; sourceTree = "<group>"; };
		B306129616DF995400F3443E /* Default-568h@2x.png */ = {isa = PBXFileReference; lastKnownFileType = image.png; path = "Default-568h@2x.png"; sourceTree = "<group>"; };
		B306129816DF995400F3443E /* ViewController.h */ = {isa = PBXFileReference; lastKnownFileType = sourcecode.c.h; path = ViewController.h; sourceTree = "<group>"; };
		B306129916DF995400F3443E /* ViewController.m */ = {isa = PBXFileReference; lastKnownFileType = sourcecode.c.objc; path = ViewController.m; sourceTree = "<group>"; };
		B306129C16DF995400F3443E /* en */ = {isa = PBXFileReference; lastKnownFileType = file.xib; name = en; path = en.lproj/ViewController.xib; sourceTree = "<group>"; };
		B30612A416DF9E3400F3443E /* CoreText.framework */ = {isa = PBXFileReference; lastKnownFileType = wrapper.framework; name = CoreText.framework; path = System/Library/Frameworks/CoreText.framework; sourceTree = SDKROOT; };
/* End PBXFileReference section */

/* Begin PBXFrameworksBuildPhase section */
		B306127A16DF995300F3443E /* Frameworks */ = {
			isa = PBXFrameworksBuildPhase;
			buildActionMask = 2147483647;
			files = (
				B30612A516DF9E3400F3443E /* CoreText.framework in Frameworks */,
				B306128116DF995300F3443E /* UIKit.framework in Frameworks */,
				B306128316DF995300F3443E /* Foundation.framework in Frameworks */,
				B306128516DF995300F3443E /* CoreGraphics.framework in Frameworks */,
			);
			runOnlyForDeploymentPostprocessing = 0;
		};
/* End PBXFrameworksBuildPhase section */

/* Begin PBXGroup section */
		B306127416DF995300F3443E = {
			isa = PBXGroup;
			children = (
				B30612A416DF9E3400F3443E /* CoreText.framework */,
				B306128616DF995300F3443E /* coretext */,
				B306127F16DF995300F3443E /* Frameworks */,
				B306127E16DF995300F3443E /* Products */,
			);
			sourceTree = "<group>";
		};
		B306127E16DF995300F3443E /* Products */ = {
			isa = PBXGroup;
			children = (
				B306127D16DF995300F3443E /* coretext.app */,
			);
			name = Products;
			sourceTree = "<group>";
		};
		B306127F16DF995300F3443E /* Frameworks */ = {
			isa = PBXGroup;
			children = (
				B306128016DF995300F3443E /* UIKit.framework */,
				B306128216DF995300F3443E /* Foundation.framework */,
				B306128416DF995300F3443E /* CoreGraphics.framework */,
			);
			name = Frameworks;
			sourceTree = "<group>";
		};
		B306128616DF995300F3443E /* coretext */ = {
			isa = PBXGroup;
			children = (
				B306128F16DF995400F3443E /* AppDelegate.h */,
				B306129016DF995400F3443E /* AppDelegate.m */,
				B306129816DF995400F3443E /* ViewController.h */,
				B306129916DF995400F3443E /* ViewController.m */,
				B306129B16DF995400F3443E /* ViewController.xib */,
				B306128716DF995300F3443E /* Supporting Files */,
			);
			path = coretext;
			sourceTree = "<group>";
		};
		B306128716DF995300F3443E /* Supporting Files */ = {
			isa = PBXGroup;
			children = (
				B306128816DF995300F3443E /* coretext-Info.plist */,
				B306128916DF995400F3443E /* InfoPlist.strings */,
				B306128C16DF995400F3443E /* main.m */,
				B306128E16DF995400F3443E /* coretext-Prefix.pch */,
				B306129216DF995400F3443E /* Default.png */,
				B306129416DF995400F3443E /* Default@2x.png */,
				B306129616DF995400F3443E /* Default-568h@2x.png */,
			);
			name = "Supporting Files";
			sourceTree = "<group>";
		};
/* End PBXGroup section */

/* Begin PBXNativeTarget section */
		B306127C16DF995300F3443E /* coretext */ = {
			isa = PBXNativeTarget;
			buildConfigurationList = B30612A016DF995400F3443E /* Build configuration list for PBXNativeTarget "coretext" */;
			buildPhases = (
				B306127916DF995300F3443E /* Sources */,
				B306127A16DF995300F3443E /* Frameworks */,
				B306127B16DF995300F3443E /* Resources */,
			);
			buildRules = (
			);
			dependencies = (
			);
			name = coretext;
			productName = coretext;
			productReference = B306127D16DF995300F3443E /* coretext.app */;
			productType = "com.apple.product-type.application";
		};
/* End PBXNativeTarget section */

/* Begin PBXProject section */
		B306127516DF995300F3443E /* Project object */ = {
			isa = PBXProject;
			attributes = {
				LastUpgradeCheck = 0460;
				ORGANIZATIONNAME = Leonid;
			};
			buildConfigurationList = B306127816DF995300F3443E /* Build configuration list for PBXProject "coretext" */;
			compatibilityVersion = "Xcode 3.2";
			developmentRegion = English;
			hasScannedForEncodings = 0;
			knownRegions = (
				en,
			);
			mainGroup = B306127416DF995300F3443E;
			productRefGroup = B306127E16DF995300F3443E /* Products */;
			projectDirPath = "";
			projectRoot = "";
			targets = (
				B306127C16DF995300F3443E /* coretext */,
			);
		};
/* End PBXProject section */

/* Begin PBXResourcesBuildPhase section */
		B306127B16DF995300F3443E /* Resources */ = {
			isa = PBXResourcesBuildPhase;
			buildActionMask = 2147483647;
			files = (
				B306128B16DF995400F3443E /* InfoPlist.strings in Resources */,
				B306129316DF995400F3443E /* Default.png in Resources */,
				B306129516DF995400F3443E /* Default@2x.png in Resources */,
				B306129716DF995400F3443E /* Default-568h@2x.png in Resources */,
				B306129D16DF995400F3443E /* ViewController.xib in Resources */,
			);
			runOnlyForDeploymentPostprocessing = 0;
		};
/* End PBXResourcesBuildPhase section */

/* Begin PBXSourcesBuildPhase section */
		B306127916DF995300F3443E /* Sources */ = {
			isa = PBXSourcesBuildPhase;
			buildActionMask = 2147483647;
			files = (
				B306128D16DF995400F3443E /* main.m in Sources */,
				B306129116DF995400F3443E /* AppDelegate.m in Sources */,
				B306129A16DF995400F3443E /* ViewController.m in Sources */,
			);
			runOnlyForDeploymentPostprocessing = 0;
		};
/* End PBXSourcesBuildPhase section */

/* Begin PBXVariantGroup section */
		B306128916DF995400F3443E /* InfoPlist.strings */ = {
			isa = PBXVariantGroup;
			children = (
				B306128A16DF995400F3443E /* en */,
			);
			name = InfoPlist.strings;
			sourceTree = "<group>";
		};
		B306129B16DF995400F3443E /* ViewController.xib */ = {
			isa = PBXVariantGroup;
			children = (
				B306129C16DF995400F3443E /* en */,
			);
			name = ViewController.xib;
			sourceTree = "<group>";
		};
/* End PBXVariantGroup section */

/* Begin XCBuildConfiguration section */
		B306129E16DF995400F3443E /* Debug */ = {
			isa = XCBuildConfiguration;
			buildSettings = {
				ALWAYS_SEARCH_USER_PATHS = NO;
				CLANG_CXX_LANGUAGE_STANDARD = "gnu++0x";
				CLANG_CXX_LIBRARY = "libc++";
				CLANG_ENABLE_OBJC_ARC = YES;
				CLANG_WARN_CONSTANT_CONVERSION = YES;
				CLANG_WARN_EMPTY_BODY = YES;
				CLANG_WARN_ENUM_CONVERSION = YES;
				CLANG_WARN_INT_CONVERSION = YES;
				CLANG_WARN__DUPLICATE_METHOD_MATCH = YES;
				"CODE_SIGN_IDENTITY[sdk=iphoneos*]" = "iPhone Developer";
				COPY_PHASE_STRIP = NO;
				GCC_C_LANGUAGE_STANDARD = gnu99;
				GCC_DYNAMIC_NO_PIC = NO;
				GCC_OPTIMIZATION_LEVEL = 0;
				GCC_PREPROCESSOR_DEFINITIONS = (
					"DEBUG=1",
					"$(inherited)",
				);
				GCC_SYMBOLS_PRIVATE_EXTERN = NO;
				GCC_WARN_ABOUT_RETURN_TYPE = YES;
				GCC_WARN_UNINITIALIZED_AUTOS = YES;
				GCC_WARN_UNUSED_VARIABLE = YES;
				IPHONEOS_DEPLOYMENT_TARGET = 6.1;
				ONLY_ACTIVE_ARCH = YES;
				SDKROOT = iphoneos;
			};
			name = Debug;
		};
		B306129F16DF995400F3443E /* Release */ = {
			isa = XCBuildConfiguration;
			buildSettings = {
				ALWAYS_SEARCH_USER_PATHS = NO;
				CLANG_CXX_LANGUAGE_STANDARD = "gnu++0x";
				CLANG_CXX_LIBRARY = "libc++";
				CLANG_ENABLE_OBJC_ARC = YES;
				CLANG_WARN_CONSTANT_CONVERSION = YES;
				CLANG_WARN_EMPTY_BODY = YES;
				CLANG_WARN_ENUM_CONVERSION = YES;
				CLANG_WARN_INT_CONVERSION = YES;
				CLANG_WARN__DUPLICATE_METHOD_MATCH = YES;
				"CODE_SIGN_IDENTITY[sdk=iphoneos*]" = "iPhone Developer";
				COPY_PHASE_STRIP = YES;
				GCC_C_LANGUAGE_STANDARD = gnu99;
				GCC_WARN_ABOUT_RETURN_TYPE = YES;
				GCC_WARN_UNINITIALIZED_AUTOS = YES;
				GCC_WARN_UNUSED_VARIABLE = YES;
				IPHONEOS_DEPLOYMENT_TARGET = 6.1;
				OTHER_CFLAGS = "-DNS_BLOCK_ASSERTIONS=1";
				SDKROOT = iphoneos;
				VALIDATE_PRODUCT = YES;
			};
			name = Release;
		};
		B30612A116DF995400F3443E /* Debug */ = {
			isa = XCBuildConfiguration;
			buildSettings = {
				GCC_PRECOMPILE_PREFIX_HEADER = YES;
				GCC_PREFIX_HEADER = "coretext/coretext-Prefix.pch";
				INFOPLIST_FILE = "coretext/coretext-Info.plist";
				PRODUCT_NAME = "$(TARGET_NAME)";
				WRAPPER_EXTENSION = app;
			};
			name = Debug;
		};
		B30612A216DF995400F3443E /* Release */ = {
			isa = XCBuildConfiguration;
			buildSettings = {
				GCC_PRECOMPILE_PREFIX_HEADER = YES;
				GCC_PREFIX_HEADER = "coretext/coretext-Prefix.pch";
				INFOPLIST_FILE = "coretext/coretext-Info.plist";
				PRODUCT_NAME = "$(TARGET_NAME)";
				WRAPPER_EXTENSION = app;
			};
			name = Release;
		};
/* End XCBuildConfiguration section */

/* Begin XCConfigurationList section */
		B306127816DF995300F3443E /* Build configuration list for PBXProject "coretext" */ = {
			isa = XCConfigurationList;
			buildConfigurations = (
				B306129E16DF995400F3443E /* Debug */,
				B306129F16DF995400F3443E /* Release */,
			);
			defaultConfigurationIsVisible = 0;
			defaultConfigurationName = Release;
		};
		B30612A016DF995400F3443E /* Build configuration list for PBXNativeTarget "coretext" */ = {
			isa = XCConfigurationList;
			buildConfigurations = (
				B30612A116DF995400F3443E /* Debug */,
				B30612A216DF995400F3443E /* Release */,
			);
			defaultConfigurationIsVisible = 0;
		};
/* End XCConfigurationList section */
	};
	rootObject = B306127516DF995300F3443E /* Project object */;
}
